
Microsoft Visual Studio Solution File, Format Version 12.00
# Visual Studio Version 17
VisualStudioVersion = 17.8.34330.188
MinimumVisualStudioVersion = 10.0.40219.1
Project("{9A19103F-16F7-4668-BE54-9A1E7A4F7556}") = "Api.GRRInnovations.BooksPro", "Api.GRRInnovations.BooksPro\Api.GRRInnovations.BooksPro.csproj", "{9F332205-E8F7-4535-B33E-23C4DD4E44B6}"
EndProject
Project("{FAE04EC0-301F-11D3-BF4B-00C04F79EFBC}") = "Api.GRRInnovations.Infrastructure", "Api.GRRInnovations.Infrastructure\Api.GRRInnovations.Infrastructure.csproj", "{84D0847C-E1C5-452B-A240-744E7C9F7B9D}"
EndProject
Project("{FAE04EC0-301F-11D3-BF4B-00C04F79EFBC}") = "Api.GRRInnovations.Domain", "Api.GRRInnovations.Domain\Api.GRRInnovations.Domain.csproj", "{5D8A4700-A6B0-4ACF-9235-EFD10A2FC7FA}"
EndProject
Project("{FAE04EC0-301F-11D3-BF4B-00C04F79EFBC}") = "Api.GRRInnovations.Interfaces", "Api.GRRInnovations.Interfaces\Api.GRRInnovations.Interfaces.csproj", "{360A843D-D58D-4F74-A110-75143092A4C1}"
EndProject
Global
	GlobalSection(SolutionConfigurationPlatforms) = preSolution
		Debug|Any CPU = Debug|Any CPU
		Release|Any CPU = Release|Any CPU
	EndGlobalSection
	GlobalSection(ProjectConfigurationPlatforms) = postSolution
		{9F332205-E8F7-4535-B33E-23C4DD4E44B6}.Debug|Any CPU.ActiveCfg = Debug|Any CPU
		{9F332205-E8F7-4535-B33E-23C4DD4E44B6}.Debug|Any CPU.Build.0 = Debug|Any CPU
		{9F332205-E8F7-4535-B33E-23C4DD4E44B6}.Release|Any CPU.ActiveCfg = Release|Any CPU
		{9F332205-E8F7-4535-B33E-23C4DD4E44B6}.Release|Any CPU.Build.0 = Release|Any CPU
		{84D0847C-E1C5-452B-A240-744E7C9F7B9D}.Debug|Any CPU.ActiveCfg = Debug|Any CPU
		{84D0847C-E1C5-452B-A240-744E7C9F7B9D}.Debug|Any CPU.Build.0 = Debug|Any CPU
		{84D0847C-E1C5-452B-A240-744E7C9F7B9D}.Release|Any CPU.ActiveCfg = Release|Any CPU
		{84D0847C-E1C5-452B-A240-744E7C9F7B9D}.Release|Any CPU.Build.0 = Release|Any CPU
		{5D8A4700-A6B0-4ACF-9235-EFD10A2FC7FA}.Debug|Any CPU.ActiveCfg = Debug|Any CPU
		{5D8A4700-A6B0-4ACF-9235-EFD10A2FC7FA}.Debug|Any CPU.Build.0 = Debug|Any CPU
		{5D8A4700-A6B0-4ACF-9235-EFD10A2FC7FA}.Release|Any CPU.ActiveCfg = Release|Any CPU
		{5D8A4700-A6B0-4ACF-9235-EFD10A2FC7FA}.Release|Any CPU.Build.0 = Release|Any CPU
		{360A843D-D58D-4F74-A110-75143092A4C1}.Debug|Any CPU.ActiveCfg = Debug|Any CPU
		{360A843D-D58D-4F74-A110-75143092A4C1}.Debug|Any CPU.Build.0 = Debug|Any CPU
		{360A843D-D58D-4F74-A110-75143092A4C1}.Release|Any CPU.ActiveCfg = Release|Any CPU
		{360A843D-D58D-4F74-A110-75143092A4C1}.Release|Any CPU.Build.0 = Release|Any CPU
	EndGlobalSection
	GlobalSection(SolutionProperties) = preSolution
		HideSolutionNode = FALSE
	EndGlobalSection
	GlobalSection(ExtensibilityGlobals) = postSolution
		SolutionGuid = {C518C296-C651-4DE1-AB9F-65ADB372E678}
	EndGlobalSection
EndGlobal
